
Microsoft Visual Studio Solution File, Format Version 12.00
# Visual Studio Version 16
VisualStudioVersion = 16.0.30309.148
MinimumVisualStudioVersion = 10.0.40219.1
Project("{FAE04EC0-301F-11D3-BF4B-00C04F79EFBC}") = "CourseLibrary.API", "CourseLibrary.API\CourseLibrary.API.csproj", "{8FD3C8F5-C3B8-456A-AF61-F370F1AB38C9}"
EndProject
Global
	GlobalSection(SolutionConfigurationPlatforms) = preSolution
		Debug|Any CPU = Debug|Any CPU
		Release|Any CPU = Release|Any CPU
	EndGlobalSection
	GlobalSection(ProjectConfigurationPlatforms) = postSolution
		{8FD3C8F5-C3B8-456A-AF61-F370F1AB38C9}.Debug|Any CPU.ActiveCfg = Debug|Any CPU
		{8FD3C8F5-C3B8-456A-AF61-F370F1AB38C9}.Debug|Any CPU.Build.0 = Debug|Any CPU
		{8FD3C8F5-C3B8-456A-AF61-F370F1AB38C9}.Release|Any CPU.ActiveCfg = Release|Any CPU
		{8FD3C8F5-C3B8-456A-AF61-F370F1AB38C9}.Release|Any CPU.Build.0 = Release|Any CPU
	EndGlobalSection
	GlobalSection(SolutionProperties) = preSolution
		HideSolutionNode = FALSE
	EndGlobalSection
	GlobalSection(ExtensibilityGlobals) = postSolution
		SolutionGuid = {4FD5CAC4-98E6-48D6-8326-DBA25EEB2DA2}
	EndGlobalSection
EndGlobal
